{
  "originHash" : "0b1b0f2c54b9a0bbaa6a0db68ccf17917caff707d2d50c2d37db07fe52abb2de",
  "pins" : [
    {
      "identity" : "gitdiff",
      "kind" : "remoteSourceControl",
      "location" : "https://github.com/tornikegomareli/gitdiff.git",
      "state" : {
        "revision" : "114b571a6dd0660ec9a57ba58a897964020f6bc2",
        "version" : "0.1.0"
      }
    },
    {
      "identity" : "lottie-spm",
      "kind" : "remoteSourceControl",
      "location" : "https://github.com/airbnb/lottie-spm.git",
      "state" : {
        "revision" : "69faaefa7721fba9e434a52c16adf4329c9084db",
        "version" : "4.6.0"
      }
    },
    {
      "identity" : "posthog-ios",
      "kind" : "remoteSourceControl",
      "location" : "https://github.com/PostHog/posthog-ios.git",
      "state" : {
        "revision" : "19288ee2f0575606b4669b2abadda2c9db97c529",
        "version" : "3.66.1"
      }
    },
    {
      "identity" : "sparkle",
      "kind" : "remoteSourceControl",
      "location" : "https://github.com/sparkle-project/Sparkle.git",
      "state" : {
        "revision" : "6276ba2b404829d139c45ff98427cf90e2efc59b",
        "version" : "2.9.2"
      }
    }
  ],
  "version" : 3
}
