// !$*UTF8*$!
{
	archiveVersion = 1;
	classes = {
	};
	objectVersion = 77;
	objects = {

/* Begin PBXBuildFile section */
		5A92B5039E2E4A2A89175011 /* Sparkle in Frameworks */ = {isa = PBXBuildFile; productRef = 5A92B5029E2E4A2A89175011 /* Sparkle */; };
		7C4E10039E2E4A2A89175011 /* Lottie in Frameworks */ = {isa = PBXBuildFile; productRef = 7C4E10029E2E4A2A89175011 /* Lottie */; };
		8F5A2A6925B14789B7C0D431 /* bundled-agents in Resources */ = {isa = PBXBuildFile; fileRef = 4E1F0B28C6D84725B47F2D75 /* bundled-agents */; };
		9D1B4A5C7E8F901234567890 /* bundled-skills in Resources */ = {isa = PBXBuildFile; fileRef = 9D1B4A5C7E8F901234567891 /* bundled-skills */; };
		9D1B4A5C7E8F901234567A01 /* bundled-prompts in Resources */ = {isa = PBXBuildFile; fileRef = 9D1B4A5C7E8F901234567A02 /* bundled-prompts */; };
		D2A5E8012FB0000000000001 /* PostHog in Frameworks */ = {isa = PBXBuildFile; productRef = D2A5E8032FB0000000000001 /* PostHog */; };
/* End PBXBuildFile section */

/* Begin PBXContainerItemProxy section */
		7B7E7C8E2FA60178000A7C01 /* PBXContainerItemProxy */ = {
			isa = PBXContainerItemProxy;
			containerPortal = 6572B1632FA2391500596CE4 /* Project object */;
			proxyType = 1;
			remoteGlobalIDString = 6572B16A2FA2391500596CE4;
			remoteInfo = "agent-deck";
		};
/* End PBXContainerItemProxy section */

/* Begin PBXFileReference section */
		4E1F0B28C6D84725B47F2D75 /* bundled-agents */ = {isa = PBXFileReference; lastKnownFileType = folder; name = "bundled-agents"; path = "agent-deck/bundled-agents"; sourceTree = SOURCE_ROOT; };
		6572B16B2FA2391500596CE4 /* Pi Deck.app */ = {isa = PBXFileReference; explicitFileType = wrapper.application; includeInIndex = 0; path = "Pi Deck.app"; sourceTree = BUILT_PRODUCTS_DIR; };
		7B7E7C862FA60178000A7C01 /* agent-deckTests.xctest */ = {isa = PBXFileReference; explicitFileType = wrapper.cfbundle; includeInIndex = 0; path = "agent-deckTests.xctest"; sourceTree = BUILT_PRODUCTS_DIR; };
		9D1B4A5C7E8F901234567891 /* bundled-skills */ = {isa = PBXFileReference; lastKnownFileType = folder; name = "bundled-skills"; path = "agent-deck/bundled-skills"; sourceTree = SOURCE_ROOT; };
		9D1B4A5C7E8F901234567A02 /* bundled-prompts */ = {isa = PBXFileReference; lastKnownFileType = folder; name = "bundled-prompts"; path = "agent-deck/bundled-prompts"; sourceTree = SOURCE_ROOT; };
/* End PBXFileReference section */

/* Begin PBXFileSystemSynchronizedBuildFileExceptionSet section */
		9D1B4A5C7E8F901234567892 /* Exceptions for "agent-deck" folder in "agent-deck" target */ = {
			isa = PBXFileSystemSynchronizedBuildFileExceptionSet;
			membershipExceptions = (
				"bundled-agents/explorer.md",
				"bundled-agents/planner.md",
				"bundled-agents/reviewer.md",
				"bundled-prompts/investigate-a-bug.md",
				"bundled-prompts/plan-a-feature.md",
				"bundled-prompts/refactor-for-clarity.md",
				"bundled-prompts/review-my-changes.md",
				"bundled-skills/agent-authoring/SKILL.md",
				"bundled-skills/loop-authoring/SKILL.md",
				"bundled-skills/prompt-authoring/SKILL.md",
				"bundled-skills/skill-authoring/SKILL.md",
			);
			target = 6572B16A2FA2391500596CE4 /* agent-deck */;
		};
/* End PBXFileSystemSynchronizedBuildFileExceptionSet section */

/* Begin PBXFileSystemSynchronizedRootGroup section */
		6572B16D2FA2391500596CE4 /* agent-deck */ = {
			isa = PBXFileSystemSynchronizedRootGroup;
			exceptions = (
				9D1B4A5C7E8F901234567892 /* Exceptions for "agent-deck" folder in "agent-deck" target */,
			);
			path = "agent-deck";
			sourceTree = "<group>";
		};
		7B7E7C872FA60178000A7C01 /* agent-deckTests */ = {
			isa = PBXFileSystemSynchronizedRootGroup;
			path = "agent-deckTests";
			sourceTree = "<group>";
		};
/* End PBXFileSystemSynchronizedRootGroup section */

/* Begin PBXFrameworksBuildPhase section */
		6572B1682FA2391500596CE4 /* Frameworks */ = {
			isa = PBXFrameworksBuildPhase;
			buildActionMask = 2147483647;
			files = (
				5A92B5039E2E4A2A89175011 /* Sparkle in Frameworks */,
				7C4E10039E2E4A2A89175011 /* Lottie in Frameworks */,
				D2A5E8012FB0000000000001 /* PostHog in Frameworks */,
			);
			runOnlyForDeploymentPostprocessing = 0;
		};
		7B7E7C8B2FA60178000A7C01 /* Frameworks */ = {
			isa = PBXFrameworksBuildPhase;
			buildActionMask = 2147483647;
			files = (
			);
			runOnlyForDeploymentPostprocessing = 0;
		};
/* End PBXFrameworksBuildPhase section */

/* Begin PBXGroup section */
		6572B1622FA2391500596CE4 = {
			isa = PBXGroup;
			children = (
				6572B16D2FA2391500596CE4 /* agent-deck */,
				7B7E7C872FA60178000A7C01 /* agent-deckTests */,
				6572B16C2FA2391500596CE4 /* Products */,
				4E1F0B28C6D84725B47F2D75 /* bundled-agents */,
				9D1B4A5C7E8F901234567891 /* bundled-skills */,
				9D1B4A5C7E8F901234567A02 /* bundled-prompts */,
			);
			sourceTree = "<group>";
		};
		6572B16C2FA2391500596CE4 /* Products */ = {
			isa = PBXGroup;
			children = (
				6572B16B2FA2391500596CE4 /* Pi Deck.app */,
				7B7E7C862FA60178000A7C01 /* agent-deckTests.xctest */,
			);
			name = Products;
			sourceTree = "<group>";
		};
/* End PBXGroup section */

/* Begin PBXNativeTarget section */
		6572B16A2FA2391500596CE4 /* agent-deck */ = {
			isa = PBXNativeTarget;
			buildConfigurationList = 6572B1762FA2391600596CE4 /* Build configuration list for PBXNativeTarget "agent-deck" */;
			buildPhases = (
				6572B1672FA2391500596CE4 /* Sources */,
				6572B1682FA2391500596CE4 /* Frameworks */,
				6572B1692FA2391500596CE4 /* Resources */,
				AABBCCDD0000000100000001 /* Inject app Info.plist keys */,
			);
			buildRules = (
			);
			dependencies = (
			);
			fileSystemSynchronizedGroups = (
				6572B16D2FA2391500596CE4 /* agent-deck */,
			);
			name = "agent-deck";
			packageProductDependencies = (
				5A92B5029E2E4A2A89175011 /* Sparkle */,
				7C4E10029E2E4A2A89175011 /* Lottie */,
				D2A5E8032FB0000000000001 /* PostHog */,
			);
			productName = "agent-deck";
			productReference = 6572B16B2FA2391500596CE4 /* Pi Deck.app */;
			productType = "com.apple.product-type.application";
		};
		7B7E7C8D2FA60178000A7C01 /* agent-deckTests */ = {
			isa = PBXNativeTarget;
			buildConfigurationList = 7B7E7C902FA60178000A7C01 /* Build configuration list for PBXNativeTarget "agent-deckTests" */;
			buildPhases = (
				7B7E7C8A2FA60178000A7C01 /* Sources */,
				7B7E7C8B2FA60178000A7C01 /* Frameworks */,
				7B7E7C8C2FA60178000A7C01 /* Resources */,
			);
			buildRules = (
			);
			dependencies = (
				7B7E7C8F2FA60178000A7C01 /* PBXTargetDependency */,
			);
			fileSystemSynchronizedGroups = (
				7B7E7C872FA60178000A7C01 /* agent-deckTests */,
			);
			name = "agent-deckTests";
			packageProductDependencies = (
			);
			productName = "agent-deckTests";
			productReference = 7B7E7C862FA60178000A7C01 /* agent-deckTests.xctest */;
			productType = "com.apple.product-type.bundle.unit-test";
		};
/* End PBXNativeTarget section */

/* Begin PBXProject section */
		6572B1632FA2391500596CE4 /* Project object */ = {
			isa = PBXProject;
			attributes = {
				BuildIndependentTargetsInParallel = 1;
				LastSwiftUpdateCheck = 2640;
				LastUpgradeCheck = 2650;
				TargetAttributes = {
					6572B16A2FA2391500596CE4 = {
						CreatedOnToolsVersion = 26.4;
					};
					7B7E7C8D2FA60178000A7C01 = {
						CreatedOnToolsVersion = 26.4;
						TestTargetID = 6572B16A2FA2391500596CE4;
					};
				};
			};
			buildConfigurationList = 6572B1662FA2391500596CE4 /* Build configuration list for PBXProject "agent-deck" */;
			developmentRegion = en;
			hasScannedForEncodings = 0;
			knownRegions = (
				en,
				Base,
				"zh-Hans",
			);
			mainGroup = 6572B1622FA2391500596CE4;
			minimizedProjectReferenceProxies = 1;
			packageReferences = (
				5A92B5019E2E4A2A89175011 /* XCRemoteSwiftPackageReference "Sparkle" */,
				7C4E10019E2E4A2A89175011 /* XCRemoteSwiftPackageReference "lottie-spm" */,
				D2A5E8022FB0000000000001 /* XCRemoteSwiftPackageReference "posthog-ios" */,
			);
			preferredProjectObjectVersion = 77;
			productRefGroup = 6572B16C2FA2391500596CE4 /* Products */;
			projectDirPath = "";
			projectRoot = "";
			targets = (
				6572B16A2FA2391500596CE4 /* agent-deck */,
				7B7E7C8D2FA60178000A7C01 /* agent-deckTests */,
			);
		};
/* End PBXProject section */

/* Begin PBXResourcesBuildPhase section */
		6572B1692FA2391500596CE4 /* Resources */ = {
			isa = PBXResourcesBuildPhase;
			buildActionMask = 2147483647;
			files = (
				8F5A2A6925B14789B7C0D431 /* bundled-agents in Resources */,
				9D1B4A5C7E8F901234567890 /* bundled-skills in Resources */,
				9D1B4A5C7E8F901234567A01 /* bundled-prompts in Resources */,
			);
			runOnlyForDeploymentPostprocessing = 0;
		};
		7B7E7C8C2FA60178000A7C01 /* Resources */ = {
			isa = PBXResourcesBuildPhase;
			buildActionMask = 2147483647;
			files = (
			);
			runOnlyForDeploymentPostprocessing = 0;
		};
/* End PBXResourcesBuildPhase section */

/* Begin PBXShellScriptBuildPhase section */
		AABBCCDD0000000100000001 /* Inject app Info.plist keys */ = {
			isa = PBXShellScriptBuildPhase;
			alwaysOutOfDate = 1;
			buildActionMask = 2147483647;
			files = (
			);
			inputPaths = (
				"$(SRCROOT)/scripts/inject-sparkle-info.sh",
				"$(TARGET_BUILD_DIR)/$(INFOPLIST_PATH)",
			);
			name = "Inject app Info.plist keys";
			outputPaths = (
			);
			runOnlyForDeploymentPostprocessing = 0;
			shellPath = /bin/zsh;
			shellScript = "\"${SRCROOT}/scripts/inject-sparkle-info.sh\"\n";
			showEnvVarsInLog = 0;
		};
/* End PBXShellScriptBuildPhase section */

/* Begin PBXSourcesBuildPhase section */
		6572B1672FA2391500596CE4 /* Sources */ = {
			isa = PBXSourcesBuildPhase;
			buildActionMask = 2147483647;
			files = (
			);
			runOnlyForDeploymentPostprocessing = 0;
		};
		7B7E7C8A2FA60178000A7C01 /* Sources */ = {
			isa = PBXSourcesBuildPhase;
			buildActionMask = 2147483647;
			files = (
			);
			runOnlyForDeploymentPostprocessing = 0;
		};
/* End PBXSourcesBuildPhase section */

/* Begin PBXTargetDependency section */
		7B7E7C8F2FA60178000A7C01 /* PBXTargetDependency */ = {
			isa = PBXTargetDependency;
			target = 6572B16A2FA2391500596CE4 /* agent-deck */;
			targetProxy = 7B7E7C8E2FA60178000A7C01 /* PBXContainerItemProxy */;
		};
/* End PBXTargetDependency section */

/* Begin XCBuildConfiguration section */
		6572B1742FA2391600596CE4 /* Debug */ = {
			isa = XCBuildConfiguration;
			buildSettings = {
				ALWAYS_SEARCH_USER_PATHS = NO;
				ASSETCATALOG_COMPILER_GENERATE_SWIFT_ASSET_SYMBOL_EXTENSIONS = YES;
				CLANG_ANALYZER_NONNULL = YES;
				CLANG_ANALYZER_NUMBER_OBJECT_CONVERSION = YES_AGGRESSIVE;
				CLANG_CXX_LANGUAGE_STANDARD = "gnu++20";
				CLANG_ENABLE_MODULES = YES;
				CLANG_ENABLE_OBJC_ARC = YES;
				CLANG_ENABLE_OBJC_WEAK = YES;
				CLANG_WARN_BLOCK_CAPTURE_AUTORELEASING = YES;
				CLANG_WARN_BOOL_CONVERSION = YES;
				CLANG_WARN_COMMA = YES;
				CLANG_WARN_CONSTANT_CONVERSION = YES;
				CLANG_WARN_DEPRECATED_OBJC_IMPLEMENTATIONS = YES;
				CLANG_WARN_DIRECT_OBJC_ISA_USAGE = YES_ERROR;
				CLANG_WARN_DOCUMENTATION_COMMENTS = YES;
				CLANG_WARN_EMPTY_BODY = YES;
				CLANG_WARN_ENUM_CONVERSION = YES;
				CLANG_WARN_INFINITE_RECURSION = YES;
				CLANG_WARN_INT_CONVERSION = YES;
				CLANG_WARN_NON_LITERAL_NULL_CONVERSION = YES;
				CLANG_WARN_OBJC_IMPLICIT_RETAIN_SELF = YES;
				CLANG_WARN_OBJC_LITERAL_CONVERSION = YES;
				CLANG_WARN_OBJC_ROOT_CLASS = YES_ERROR;
				CLANG_WARN_QUOTED_INCLUDE_IN_FRAMEWORK_HEADER = YES;
				CLANG_WARN_RANGE_LOOP_ANALYSIS = YES;
				CLANG_WARN_STRICT_PROTOTYPES = YES;
				CLANG_WARN_SUSPICIOUS_MOVE = YES;
				CLANG_WARN_UNGUARDED_AVAILABILITY = YES_AGGRESSIVE;
				CLANG_WARN_UNREACHABLE_CODE = YES;
				CLANG_WARN__DUPLICATE_METHOD_MATCH = YES;
				COPY_PHASE_STRIP = NO;
				DEAD_CODE_STRIPPING = YES;
				DEBUG_INFORMATION_FORMAT = dwarf;
				DEVELOPMENT_TEAM = D37Z4S3883;
				ENABLE_STRICT_OBJC_MSGSEND = YES;
				ENABLE_TESTABILITY = YES;
				ENABLE_USER_SCRIPT_SANDBOXING = YES;
				GCC_C_LANGUAGE_STANDARD = gnu17;
				GCC_DYNAMIC_NO_PIC = NO;
				GCC_NO_COMMON_BLOCKS = YES;
				GCC_OPTIMIZATION_LEVEL = 0;
				GCC_PREPROCESSOR_DEFINITIONS = (
					"DEBUG=1",
					"$(inherited)",
				);
				GCC_WARN_64_TO_32_BIT_CONVERSION = YES;
				GCC_WARN_ABOUT_RETURN_TYPE = YES_ERROR;
				GCC_WARN_UNDECLARED_SELECTOR = YES;
				GCC_WARN_UNINITIALIZED_AUTOS = YES_AGGRESSIVE;
				GCC_WARN_UNUSED_FUNCTION = YES;
				GCC_WARN_UNUSED_VARIABLE = YES;
				LOCALIZATION_PREFERS_STRING_CATALOGS = YES;
				MACOSX_DEPLOYMENT_TARGET = 26.0;
				MTL_ENABLE_DEBUG_INFO = INCLUDE_SOURCE;
				MTL_FAST_MATH = YES;
				ONLY_ACTIVE_ARCH = YES;
				SDKROOT = macosx;
				SWIFT_ACTIVE_COMPILATION_CONDITIONS = "DEBUG $(inherited)";
				SWIFT_OPTIMIZATION_LEVEL = "-Onone";
			};
			name = Debug;
		};
		6572B1752FA2391600596CE4 /* Release */ = {
			isa = XCBuildConfiguration;
			buildSettings = {
				ALWAYS_SEARCH_USER_PATHS = NO;
				ASSETCATALOG_COMPILER_GENERATE_SWIFT_ASSET_SYMBOL_EXTENSIONS = YES;
				CLANG_ANALYZER_NONNULL = YES;
				CLANG_ANALYZER_NUMBER_OBJECT_CONVERSION = YES_AGGRESSIVE;
				CLANG_CXX_LANGUAGE_STANDARD = "gnu++20";
				CLANG_ENABLE_MODULES = YES;
				CLANG_ENABLE_OBJC_ARC = YES;
				CLANG_ENABLE_OBJC_WEAK = YES;
				CLANG_WARN_BLOCK_CAPTURE_AUTORELEASING = YES;
				CLANG_WARN_BOOL_CONVERSION = YES;
				CLANG_WARN_COMMA = YES;
				CLANG_WARN_CONSTANT_CONVERSION = YES;
				CLANG_WARN_DEPRECATED_OBJC_IMPLEMENTATIONS = YES;
				CLANG_WARN_DIRECT_OBJC_ISA_USAGE = YES_ERROR;
				CLANG_WARN_DOCUMENTATION_COMMENTS = YES;
				CLANG_WARN_EMPTY_BODY = YES;
				CLANG_WARN_ENUM_CONVERSION = YES;
				CLANG_WARN_INFINITE_RECURSION = YES;
				CLANG_WARN_INT_CONVERSION = YES;
				CLANG_WARN_NON_LITERAL_NULL_CONVERSION = YES;
				CLANG_WARN_OBJC_IMPLICIT_RETAIN_SELF = YES;
				CLANG_WARN_OBJC_LITERAL_CONVERSION = YES;
				CLANG_WARN_OBJC_ROOT_CLASS = YES_ERROR;
				CLANG_WARN_QUOTED_INCLUDE_IN_FRAMEWORK_HEADER = YES;
				CLANG_WARN_RANGE_LOOP_ANALYSIS = YES;
				CLANG_WARN_STRICT_PROTOTYPES = YES;
				CLANG_WARN_SUSPICIOUS_MOVE = YES;
				CLANG_WARN_UNGUARDED_AVAILABILITY = YES_AGGRESSIVE;
				CLANG_WARN_UNREACHABLE_CODE = YES;
				CLANG_WARN__DUPLICATE_METHOD_MATCH = YES;
				COPY_PHASE_STRIP = YES;
				DEAD_CODE_STRIPPING = YES;
				DEBUG_INFORMATION_FORMAT = "dwarf-with-dsym";
				DEPLOYMENT_POSTPROCESSING = YES;
				DEVELOPMENT_TEAM = D37Z4S3883;
				ENABLE_NS_ASSERTIONS = NO;
				ENABLE_STRICT_OBJC_MSGSEND = YES;
				ENABLE_USER_SCRIPT_SANDBOXING = YES;
				GCC_C_LANGUAGE_STANDARD = gnu17;
				GCC_NO_COMMON_BLOCKS = YES;
				GCC_WARN_64_TO_32_BIT_CONVERSION = YES;
				GCC_WARN_ABOUT_RETURN_TYPE = YES_ERROR;
				GCC_WARN_UNDECLARED_SELECTOR = YES;
				GCC_WARN_UNINITIALIZED_AUTOS = YES_AGGRESSIVE;
				GCC_WARN_UNUSED_FUNCTION = YES;
				GCC_WARN_UNUSED_VARIABLE = YES;
				LOCALIZATION_PREFERS_STRING_CATALOGS = YES;
				MACOSX_DEPLOYMENT_TARGET = 26.0;
				MTL_ENABLE_DEBUG_INFO = NO;
				MTL_FAST_MATH = YES;
				SDKROOT = macosx;
				SWIFT_COMPILATION_MODE = wholemodule;
			};
			name = Release;
		};
		6572B1772FA2391600596CE4 /* Debug */ = {
			isa = XCBuildConfiguration;
			buildSettings = {
				APP_PRODUCT_NAME = "Pi Deck";
				ASSETCATALOG_COMPILER_APPICON_NAME = "agent-deck-icon";
				ASSETCATALOG_COMPILER_GLOBAL_ACCENT_COLOR_NAME = AccentColor;
				ASSETCATALOG_COMPILER_INCLUDE_ALL_APPICON_ASSETS = YES;
				CODE_SIGN_ENTITLEMENTS = "agent-deck/agent-deck.entitlements";
				CODE_SIGN_STYLE = Automatic;
				COMBINE_HIDPI_IMAGES = YES;
				CURRENT_PROJECT_VERSION = 12;
				DEAD_CODE_STRIPPING = YES;
				DEVELOPMENT_TEAM = D37Z4S3883;
				ENABLE_APP_SANDBOX = NO;
				ENABLE_HARDENED_RUNTIME = YES;
				ENABLE_PREVIEWS = YES;
				ENABLE_USER_SCRIPT_SANDBOXING = NO;
				GENERATE_INFOPLIST_FILE = YES;
				INFOPLIST_KEY_CFBundleDisplayName = "$(APP_PRODUCT_NAME)";
				INFOPLIST_KEY_CFBundleName = "$(APP_PRODUCT_NAME)";
				INFOPLIST_KEY_LSApplicationCategoryType = "public.app-category.utilities";
				INFOPLIST_KEY_NSAccentColorName = AccentColor;
				INFOPLIST_KEY_NSAppleEventsUsageDescription = "$(APP_PRODUCT_NAME) uses automation to control apps you explicitly permit through assigned Computer Use.";
				INFOPLIST_KEY_NSHumanReadableCopyright = "";
				INFOPLIST_KEY_SUEnableAutomaticChecks = NO;
				INFOPLIST_KEY_SUFeedURL = "";
				INFOPLIST_KEY_SUPublicEDKey = "";
				INFOPLIST_KEY_SUScheduledCheckInterval = 86400;
				LD_RUNPATH_SEARCH_PATHS = (
					"$(inherited)",
					"@executable_path/../Frameworks",
				);
				MACOSX_DEPLOYMENT_TARGET = 26.0;
				MARKETING_VERSION = 0.0.12;
				POSTHOG_PROJECT_TOKEN = "";
				PRODUCT_BUNDLE_IDENTIFIER = "works.earendil.pi-deck";
				PRODUCT_MODULE_NAME = agent_deck;
				PRODUCT_NAME = "$(APP_PRODUCT_NAME)";
				REGISTER_APP_GROUPS = YES;
				STRING_CATALOG_GENERATE_SYMBOLS = YES;
				SWIFT_APPROACHABLE_CONCURRENCY = YES;
				SWIFT_DEFAULT_ACTOR_ISOLATION = MainActor;
				SWIFT_EMIT_LOC_STRINGS = YES;
				SWIFT_MODULE_NAME = agent_deck;
				SWIFT_UPCOMING_FEATURE_MEMBER_IMPORT_VISIBILITY = YES;
				SWIFT_VERSION = 6.0;
			};
			name = Debug;
		};
		6572B1782FA2391600596CE4 /* Release */ = {
			isa = XCBuildConfiguration;
			buildSettings = {
				APP_PRODUCT_NAME = "Pi Deck";
				ASSETCATALOG_COMPILER_APPICON_NAME = "agent-deck-icon";
				ASSETCATALOG_COMPILER_GLOBAL_ACCENT_COLOR_NAME = AccentColor;
				ASSETCATALOG_COMPILER_INCLUDE_ALL_APPICON_ASSETS = YES;
				CODE_SIGN_ENTITLEMENTS = "agent-deck/agent-deck.entitlements";
				CODE_SIGN_STYLE = Automatic;
				COMBINE_HIDPI_IMAGES = YES;
				COPY_PHASE_STRIP = YES;
				CURRENT_PROJECT_VERSION = 12;
				DEAD_CODE_STRIPPING = YES;
				DEPLOYMENT_POSTPROCESSING = YES;
				DEVELOPMENT_TEAM = D37Z4S3883;
				ENABLE_APP_SANDBOX = NO;
				ENABLE_HARDENED_RUNTIME = YES;
				ENABLE_PREVIEWS = YES;
				ENABLE_USER_SCRIPT_SANDBOXING = NO;
				GENERATE_INFOPLIST_FILE = YES;
				INFOPLIST_KEY_CFBundleDisplayName = "$(APP_PRODUCT_NAME)";
				INFOPLIST_KEY_CFBundleName = "$(APP_PRODUCT_NAME)";
				INFOPLIST_KEY_LSApplicationCategoryType = "public.app-category.utilities";
				INFOPLIST_KEY_NSAccentColorName = AccentColor;
				INFOPLIST_KEY_NSAppleEventsUsageDescription = "$(APP_PRODUCT_NAME) uses automation to control apps you explicitly permit through assigned Computer Use.";
				INFOPLIST_KEY_NSHumanReadableCopyright = "";
				INFOPLIST_KEY_SUEnableAutomaticChecks = NO;
				INFOPLIST_KEY_SUFeedURL = "";
				INFOPLIST_KEY_SUPublicEDKey = "";
				INFOPLIST_KEY_SUScheduledCheckInterval = 86400;
				LD_RUNPATH_SEARCH_PATHS = (
					"$(inherited)",
					"@executable_path/../Frameworks",
				);
				MACOSX_DEPLOYMENT_TARGET = 26.0;
				MARKETING_VERSION = 0.0.12;
				POSTHOG_PROJECT_TOKEN = phc_rQKMPA8UAGKsMDAKuRaAADJuxnUha4qy68J4UhaomQnU;
				PRODUCT_BUNDLE_IDENTIFIER = "works.earendil.pi-deck";
				PRODUCT_MODULE_NAME = agent_deck;
				PRODUCT_NAME = "$(APP_PRODUCT_NAME)";
				REGISTER_APP_GROUPS = YES;
				STRING_CATALOG_GENERATE_SYMBOLS = YES;
				SWIFT_APPROACHABLE_CONCURRENCY = YES;
				SWIFT_DEFAULT_ACTOR_ISOLATION = MainActor;
				SWIFT_EMIT_LOC_STRINGS = YES;
				SWIFT_MODULE_NAME = agent_deck;
				SWIFT_UPCOMING_FEATURE_MEMBER_IMPORT_VISIBILITY = YES;
				SWIFT_VERSION = 6.0;
			};
			name = Release;
		};
		7B7E7C882FA60178000A7C01 /* Debug */ = {
			isa = XCBuildConfiguration;
			buildSettings = {
				APP_PRODUCT_NAME = "Pi Deck";
				BUNDLE_LOADER = "$(TEST_HOST)";
				CODE_SIGN_STYLE = Automatic;
				CURRENT_PROJECT_VERSION = 12;
				DEAD_CODE_STRIPPING = YES;
				DEVELOPMENT_TEAM = D37Z4S3883;
				GENERATE_INFOPLIST_FILE = YES;
				LD_RUNPATH_SEARCH_PATHS = (
					"$(inherited)",
					"@executable_path/../Frameworks",
					"@loader_path/../Frameworks",
				);
				MACOSX_DEPLOYMENT_TARGET = 26.0;
				PRODUCT_BUNDLE_IDENTIFIER = "works.earendil.pi-deckTests";
				PRODUCT_MODULE_NAME = agent_deckTests;
				PRODUCT_NAME = "$(TARGET_NAME)";
				SWIFT_APPROACHABLE_CONCURRENCY = YES;
				SWIFT_VERSION = 6.0;
				TEST_HOST = "$(BUILT_PRODUCTS_DIR)/$(APP_PRODUCT_NAME).app/Contents/MacOS/$(APP_PRODUCT_NAME)";
			};
			name = Debug;
		};
		7B7E7C892FA60178000A7C01 /* Release */ = {
			isa = XCBuildConfiguration;
			buildSettings = {
				APP_PRODUCT_NAME = "Pi Deck";
				BUNDLE_LOADER = "$(TEST_HOST)";
				CODE_SIGN_STYLE = Automatic;
				CURRENT_PROJECT_VERSION = 12;
				DEAD_CODE_STRIPPING = YES;
				DEVELOPMENT_TEAM = D37Z4S3883;
				GENERATE_INFOPLIST_FILE = YES;
				LD_RUNPATH_SEARCH_PATHS = (
					"$(inherited)",
					"@executable_path/../Frameworks",
					"@loader_path/../Frameworks",
				);
				MACOSX_DEPLOYMENT_TARGET = 26.0;
				PRODUCT_BUNDLE_IDENTIFIER = "works.earendil.pi-deckTests";
				PRODUCT_MODULE_NAME = agent_deckTests;
				PRODUCT_NAME = "$(TARGET_NAME)";
				SWIFT_APPROACHABLE_CONCURRENCY = YES;
				SWIFT_VERSION = 6.0;
				TEST_HOST = "$(BUILT_PRODUCTS_DIR)/$(APP_PRODUCT_NAME).app/Contents/MacOS/$(APP_PRODUCT_NAME)";
			};
			name = Release;
		};
/* End XCBuildConfiguration section */

/* Begin XCConfigurationList section */
		6572B1662FA2391500596CE4 /* Build configuration list for PBXProject "agent-deck" */ = {
			isa = XCConfigurationList;
			buildConfigurations = (
				6572B1742FA2391600596CE4 /* Debug */,
				6572B1752FA2391600596CE4 /* Release */,
			);
			defaultConfigurationIsVisible = 0;
			defaultConfigurationName = Release;
		};
		6572B1762FA2391600596CE4 /* Build configuration list for PBXNativeTarget "agent-deck" */ = {
			isa = XCConfigurationList;
			buildConfigurations = (
				6572B1772FA2391600596CE4 /* Debug */,
				6572B1782FA2391600596CE4 /* Release */,
			);
			defaultConfigurationIsVisible = 0;
			defaultConfigurationName = Release;
		};
		7B7E7C902FA60178000A7C01 /* Build configuration list for PBXNativeTarget "agent-deckTests" */ = {
			isa = XCConfigurationList;
			buildConfigurations = (
				7B7E7C882FA60178000A7C01 /* Debug */,
				7B7E7C892FA60178000A7C01 /* Release */,
			);
			defaultConfigurationIsVisible = 0;
			defaultConfigurationName = Release;
		};
/* End XCConfigurationList section */

/* Begin XCRemoteSwiftPackageReference section */
		5A92B5019E2E4A2A89175011 /* XCRemoteSwiftPackageReference "Sparkle" */ = {
			isa = XCRemoteSwiftPackageReference;
			repositoryURL = "https://github.com/sparkle-project/Sparkle.git";
			requirement = {
				kind = upToNextMajorVersion;
				minimumVersion = 2.9.0;
			};
		};
		7C4E10019E2E4A2A89175011 /* XCRemoteSwiftPackageReference "lottie-spm" */ = {
			isa = XCRemoteSwiftPackageReference;
			repositoryURL = "https://github.com/airbnb/lottie-spm.git";
			requirement = {
				kind = upToNextMajorVersion;
				minimumVersion = 4.5.0;
			};
		};
		D2A5E8022FB0000000000001 /* XCRemoteSwiftPackageReference "posthog-ios" */ = {
			isa = XCRemoteSwiftPackageReference;
			repositoryURL = "https://github.com/PostHog/posthog-ios.git";
			requirement = {
				kind = upToNextMajorVersion;
				minimumVersion = 3.66.1;
			};
		};
/* End XCRemoteSwiftPackageReference section */

/* Begin XCSwiftPackageProductDependency section */
		5A92B5029E2E4A2A89175011 /* Sparkle */ = {
			isa = XCSwiftPackageProductDependency;
			package = 5A92B5019E2E4A2A89175011 /* XCRemoteSwiftPackageReference "Sparkle" */;
			productName = Sparkle;
		};
		7C4E10029E2E4A2A89175011 /* Lottie */ = {
			isa = XCSwiftPackageProductDependency;
			package = 7C4E10019E2E4A2A89175011 /* XCRemoteSwiftPackageReference "lottie-spm" */;
			productName = Lottie;
		};
		D2A5E8032FB0000000000001 /* PostHog */ = {
			isa = XCSwiftPackageProductDependency;
			package = D2A5E8022FB0000000000001 /* XCRemoteSwiftPackageReference "posthog-ios" */;
			productName = PostHog;
		};
/* End XCSwiftPackageProductDependency section */
	};
	rootObject = 6572B1632FA2391500596CE4 /* Project object */;
}
